
Microsoft Visual Studio Solution File, Format Version 11.00
# Visual Studio 2010
Project("{FAE04EC0-301F-11D3-BF4B-00C04F79EFBC}") = "Assembly-CSharp", "Assembly-CSharp.csproj", "{A42C309F-66D8-A722-975A-F4736813BBAE}"
EndProject
Project("{FAE04EC0-301F-11D3-BF4B-00C04F79EFBC}") = "Assembly-CSharp-Editor", "Assembly-CSharp-Editor.csproj", "{8554E418-7A05-247F-7EAF-0E6BCB54F15F}"
EndProject
Global
	GlobalSection(SolutionConfigurationPlatforms) = preSolution
		Debug|Any CPU = Debug|Any CPU
		Release|Any CPU = Release|Any CPU
	EndGlobalSection
	GlobalSection(ProjectConfigurationPlatforms) = postSolution
		{A42C309F-66D8-A722-975A-F4736813BBAE}.Debug|Any CPU.ActiveCfg = Debug|Any CPU
		{A42C309F-66D8-A722-975A-F4736813BBAE}.Debug|Any CPU.Build.0 = Debug|Any CPU
		{A42C309F-66D8-A722-975A-F4736813BBAE}.Release|Any CPU.ActiveCfg = Release|Any CPU
		{A42C309F-66D8-A722-975A-F4736813BBAE}.Release|Any CPU.Build.0 = Release|Any CPU
		{8554E418-7A05-247F-7EAF-0E6BCB54F15F}.Debug|Any CPU.ActiveCfg = Debug|Any CPU
		{8554E418-7A05-247F-7EAF-0E6BCB54F15F}.Debug|Any CPU.Build.0 = Debug|Any CPU
		{8554E418-7A05-247F-7EAF-0E6BCB54F15F}.Release|Any CPU.ActiveCfg = Release|Any CPU
		{8554E418-7A05-247F-7EAF-0E6BCB54F15F}.Release|Any CPU.Build.0 = Release|Any CPU
	EndGlobalSection
	GlobalSection(SolutionProperties) = preSolution
		HideSolutionNode = FALSE
	EndGlobalSection
	GlobalSection(MonoDevelopProperties) = preSolution
		StartupItem = Assembly-CSharp.csproj
	EndGlobalSection
EndGlobal
